
Microsoft Visual Studio Solution File, Format Version 12.00
# Visual Studio 15
VisualStudioVersion = 15.0.27130.2026
MinimumVisualStudioVersion = 10.0.40219.1
Project("{FAE04EC0-301F-11D3-BF4B-00C04F79EFBC}") = "XtrmAddons.Net.Common", "XtrmAddons.Net.Common\XtrmAddons.Net.Common.csproj", "{1FE7F4B3-4393-4752-88A6-B4B06EA96206}"
EndProject
Project("{FAE04EC0-301F-11D3-BF4B-00C04F79EFBC}") = "XtrmAddons.Net.HttpWebServer", "XtrmAddons.Net.HttpWebServer\XtrmAddons.Net.HttpWebServer.csproj", "{7F85C20D-4F2B-4038-9696-52B1E89BD461}"
EndProject
Project("{FAE04EC0-301F-11D3-BF4B-00C04F79EFBC}") = "XtrmAddons.Net.Math", "XtrmAddons.Net.Math\XtrmAddons.Net.Math.csproj", "{B9F0F929-F539-494C-BB1F-4145EC785F0A}"
EndProject
Project("{FAE04EC0-301F-11D3-BF4B-00C04F79EFBC}") = "XtrmAddons.Net.Memory", "XtrmAddons.Net.Memory\XtrmAddons.Net.Memory.csproj", "{374E673C-7F72-47A4-BE44-B986DD80C745}"
EndProject
Project("{FAE04EC0-301F-11D3-BF4B-00C04F79EFBC}") = "XtrmAddons.Net.Network", "XtrmAddons.Net.Network\XtrmAddons.Net.Network.csproj", "{2F80BA6B-07C3-4728-8D50-DC1FC9E7202B}"
EndProject
Project("{FAE04EC0-301F-11D3-BF4B-00C04F79EFBC}") = "XtrmAddons.Net.SQLiteBundle", "XtrmAddons.Net.SQLiteBundle\XtrmAddons.Net.SQLiteBundle.csproj", "{855F1F21-2FA4-42CE-AD35-F2C7D244649B}"
EndProject
Project("{FAE04EC0-301F-11D3-BF4B-00C04F79EFBC}") = "XtrmAddons.Net.Application", "XtrmAddons.Net.Application\XtrmAddons.Net.Application.csproj", "{DC9CEFF7-1AEF-480F-81F6-4CDF4019FC82}"
EndProject
Project("{FAE04EC0-301F-11D3-BF4B-00C04F79EFBC}") = "XtrmAddons.Net.SystemIO", "XtrmAddons.Net.SystemIO\XtrmAddons.Net.SystemIO.csproj", "{BE7BCD08-A522-46B2-B3E9-1F1442D7A071}"
EndProject
Project("{FAE04EC0-301F-11D3-BF4B-00C04F79EFBC}") = "XtrmAddons.Net.NotifyIcons", "XtrmAddons.Net.NotifyIcon\XtrmAddons.Net.NotifyIcons.csproj", "{D5B48FE5-5F28-4E6B-BA87-6DACF5078042}"
EndProject
Project("{FAE04EC0-301F-11D3-BF4B-00C04F79EFBC}") = "XtrmAddons.Net.Xml", "XtrmAddons.Net.Xml\XtrmAddons.Net.Xml.csproj", "{FD46B6A9-883C-4FC5-971D-9ADF6C2B77DD}"
EndProject
Project("{FAE04EC0-301F-11D3-BF4B-00C04F79EFBC}") = "XtrmAddons.Net.Picture", "XtrmAddons.Net.Picture\XtrmAddons.Net.Picture.csproj", "{563F8623-42FC-41C4-ACD2-4E9400F8B660}"
EndProject
Project("{FAE04EC0-301F-11D3-BF4B-00C04F79EFBC}") = "XtrmAddons.Net.Windows", "XtrmAddons.Net.Windows\XtrmAddons.Net.Windows.csproj", "{EEB21BEF-1037-430D-ABBC-0E34961BD615}"
EndProject
Project("{FAE04EC0-301F-11D3-BF4B-00C04F79EFBC}") = "XtrmAddons.Net.Application.Examples", "XtrmAddons.Net.Application.Examples\XtrmAddons.Net.Application.Examples.csproj", "{57D897AD-4872-4DA0-B28C-E49ABE23D2ED}"
EndProject
Global
	GlobalSection(SolutionConfigurationPlatforms) = preSolution
		Debug|Any CPU = Debug|Any CPU
		Release|Any CPU = Release|Any CPU
	EndGlobalSection
	GlobalSection(ProjectConfigurationPlatforms) = postSolution
		{1FE7F4B3-4393-4752-88A6-B4B06EA96206}.Debug|Any CPU.ActiveCfg = Debug|Any CPU
		{1FE7F4B3-4393-4752-88A6-B4B06EA96206}.Debug|Any CPU.Build.0 = Debug|Any CPU
		{1FE7F4B3-4393-4752-88A6-B4B06EA96206}.Release|Any CPU.ActiveCfg = Release|Any CPU
		{1FE7F4B3-4393-4752-88A6-B4B06EA96206}.Release|Any CPU.Build.0 = Release|Any CPU
		{7F85C20D-4F2B-4038-9696-52B1E89BD461}.Debug|Any CPU.ActiveCfg = Debug|Any CPU
		{7F85C20D-4F2B-4038-9696-52B1E89BD461}.Debug|Any CPU.Build.0 = Debug|Any CPU
		{7F85C20D-4F2B-4038-9696-52B1E89BD461}.Release|Any CPU.ActiveCfg = Release|Any CPU
		{7F85C20D-4F2B-4038-9696-52B1E89BD461}.Release|Any CPU.Build.0 = Release|Any CPU
		{B9F0F929-F539-494C-BB1F-4145EC785F0A}.Debug|Any CPU.ActiveCfg = Debug|Any CPU
		{B9F0F929-F539-494C-BB1F-4145EC785F0A}.Debug|Any CPU.Build.0 = Debug|Any CPU
		{B9F0F929-F539-494C-BB1F-4145EC785F0A}.Release|Any CPU.ActiveCfg = Release|Any CPU
		{B9F0F929-F539-494C-BB1F-4145EC785F0A}.Release|Any CPU.Build.0 = Release|Any CPU
		{374E673C-7F72-47A4-BE44-B986DD80C745}.Debug|Any CPU.ActiveCfg = Debug|Any CPU
		{374E673C-7F72-47A4-BE44-B986DD80C745}.Debug|Any CPU.Build.0 = Debug|Any CPU
		{374E673C-7F72-47A4-BE44-B986DD80C745}.Release|Any CPU.ActiveCfg = Release|Any CPU
		{374E673C-7F72-47A4-BE44-B986DD80C745}.Release|Any CPU.Build.0 = Release|Any CPU
		{2F80BA6B-07C3-4728-8D50-DC1FC9E7202B}.Debug|Any CPU.ActiveCfg = Debug|Any CPU
		{2F80BA6B-07C3-4728-8D50-DC1FC9E7202B}.Debug|Any CPU.Build.0 = Debug|Any CPU
		{2F80BA6B-07C3-4728-8D50-DC1FC9E7202B}.Release|Any CPU.ActiveCfg = Release|Any CPU
		{2F80BA6B-07C3-4728-8D50-DC1FC9E7202B}.Release|Any CPU.Build.0 = Release|Any CPU
		{855F1F21-2FA4-42CE-AD35-F2C7D244649B}.Debug|Any CPU.ActiveCfg = Debug|Any CPU
		{855F1F21-2FA4-42CE-AD35-F2C7D244649B}.Debug|Any CPU.Build.0 = Debug|Any CPU
		{855F1F21-2FA4-42CE-AD35-F2C7D244649B}.Release|Any CPU.ActiveCfg = Release|Any CPU
		{855F1F21-2FA4-42CE-AD35-F2C7D244649B}.Release|Any CPU.Build.0 = Release|Any CPU
		{DC9CEFF7-1AEF-480F-81F6-4CDF4019FC82}.Debug|Any CPU.ActiveCfg = Debug|Any CPU
		{DC9CEFF7-1AEF-480F-81F6-4CDF4019FC82}.Debug|Any CPU.Build.0 = Debug|Any CPU
		{DC9CEFF7-1AEF-480F-81F6-4CDF4019FC82}.Release|Any CPU.ActiveCfg = Release|Any CPU
		{DC9CEFF7-1AEF-480F-81F6-4CDF4019FC82}.Release|Any CPU.Build.0 = Release|Any CPU
		{BE7BCD08-A522-46B2-B3E9-1F1442D7A071}.Debug|Any CPU.ActiveCfg = Debug|Any CPU
		{BE7BCD08-A522-46B2-B3E9-1F1442D7A071}.Debug|Any CPU.Build.0 = Debug|Any CPU
		{BE7BCD08-A522-46B2-B3E9-1F1442D7A071}.Release|Any CPU.ActiveCfg = Release|Any CPU
		{BE7BCD08-A522-46B2-B3E9-1F1442D7A071}.Release|Any CPU.Build.0 = Release|Any CPU
		{D5B48FE5-5F28-4E6B-BA87-6DACF5078042}.Debug|Any CPU.ActiveCfg = Debug|Any CPU
		{D5B48FE5-5F28-4E6B-BA87-6DACF5078042}.Debug|Any CPU.Build.0 = Debug|Any CPU
		{D5B48FE5-5F28-4E6B-BA87-6DACF5078042}.Release|Any CPU.ActiveCfg = Release|Any CPU
		{D5B48FE5-5F28-4E6B-BA87-6DACF5078042}.Release|Any CPU.Build.0 = Release|Any CPU
		{FD46B6A9-883C-4FC5-971D-9ADF6C2B77DD}.Debug|Any CPU.ActiveCfg = Debug|Any CPU
		{FD46B6A9-883C-4FC5-971D-9ADF6C2B77DD}.Debug|Any CPU.Build.0 = Debug|Any CPU
		{FD46B6A9-883C-4FC5-971D-9ADF6C2B77DD}.Release|Any CPU.ActiveCfg = Release|Any CPU
		{FD46B6A9-883C-4FC5-971D-9ADF6C2B77DD}.Release|Any CPU.Build.0 = Release|Any CPU
		{563F8623-42FC-41C4-ACD2-4E9400F8B660}.Debug|Any CPU.ActiveCfg = Debug|Any CPU
		{563F8623-42FC-41C4-ACD2-4E9400F8B660}.Debug|Any CPU.Build.0 = Debug|Any CPU
		{563F8623-42FC-41C4-ACD2-4E9400F8B660}.Release|Any CPU.ActiveCfg = Release|Any CPU
		{563F8623-42FC-41C4-ACD2-4E9400F8B660}.Release|Any CPU.Build.0 = Release|Any CPU
		{EEB21BEF-1037-430D-ABBC-0E34961BD615}.Debug|Any CPU.ActiveCfg = Debug|Any CPU
		{EEB21BEF-1037-430D-ABBC-0E34961BD615}.Debug|Any CPU.Build.0 = Debug|Any CPU
		{EEB21BEF-1037-430D-ABBC-0E34961BD615}.Release|Any CPU.ActiveCfg = Release|Any CPU
		{EEB21BEF-1037-430D-ABBC-0E34961BD615}.Release|Any CPU.Build.0 = Release|Any CPU
		{57D897AD-4872-4DA0-B28C-E49ABE23D2ED}.Debug|Any CPU.ActiveCfg = Debug|Any CPU
		{57D897AD-4872-4DA0-B28C-E49ABE23D2ED}.Debug|Any CPU.Build.0 = Debug|Any CPU
		{57D897AD-4872-4DA0-B28C-E49ABE23D2ED}.Release|Any CPU.ActiveCfg = Release|Any CPU
		{57D897AD-4872-4DA0-B28C-E49ABE23D2ED}.Release|Any CPU.Build.0 = Release|Any CPU
	EndGlobalSection
	GlobalSection(SolutionProperties) = preSolution
		HideSolutionNode = FALSE
	EndGlobalSection
	GlobalSection(ExtensibilityGlobals) = postSolution
		SolutionGuid = {82F9C9E1-49A2-40E2-B2B9-37E444910FA3}
	EndGlobalSection
EndGlobal
