
Microsoft Visual Studio Solution File, Format Version 12.00
# Visual Studio 15
VisualStudioVersion = 15.0.27130.2010
MinimumVisualStudioVersion = 10.0.40219.1
Project("{FAE04EC0-301F-11D3-BF4B-00C04F79EFBC}") = "XtrmAddons.Net.Common", "XtrmAddons.Net.Common\XtrmAddons.Net.Common.csproj", "{1FE7F4B3-4393-4752-88A6-B4B06EA96206}"
EndProject
Project("{FAE04EC0-301F-11D3-BF4B-00C04F79EFBC}") = "XtrmAddons.Net.Controls", "XtrmAddons.Net.Controls\XtrmAddons.Net.Controls.csproj", "{76850F57-F462-4277-8358-5C1B59E11BD4}"
EndProject
Project("{FAE04EC0-301F-11D3-BF4B-00C04F79EFBC}") = "XtrmAddons.Net.HttpWebServer", "XtrmAddons.Net.HttpWebServer\XtrmAddons.Net.HttpWebServer.csproj", "{7F85C20D-4F2B-4038-9696-52B1E89BD461}"
EndProject
Project("{FAE04EC0-301F-11D3-BF4B-00C04F79EFBC}") = "XtrmAddons.Net.Picture", "XtrmAddons.Net.Image\XtrmAddons.Net.Picture.csproj", "{563F8623-42FC-41C4-ACD2-4E9400F8B660}"
EndProject
Project("{FAE04EC0-301F-11D3-BF4B-00C04F79EFBC}") = "XtrmAddons.Net.Math", "XtrmAddons.Net.Math\XtrmAddons.Net.Math.csproj", "{B9F0F929-F539-494C-BB1F-4145EC785F0A}"
EndProject
Global
	GlobalSection(SolutionConfigurationPlatforms) = preSolution
		Debug|Any CPU = Debug|Any CPU
		Release|Any CPU = Release|Any CPU
	EndGlobalSection
	GlobalSection(ProjectConfigurationPlatforms) = postSolution
		{1FE7F4B3-4393-4752-88A6-B4B06EA96206}.Debug|Any CPU.ActiveCfg = Debug|Any CPU
		{1FE7F4B3-4393-4752-88A6-B4B06EA96206}.Debug|Any CPU.Build.0 = Debug|Any CPU
		{1FE7F4B3-4393-4752-88A6-B4B06EA96206}.Release|Any CPU.ActiveCfg = Release|Any CPU
		{1FE7F4B3-4393-4752-88A6-B4B06EA96206}.Release|Any CPU.Build.0 = Release|Any CPU
		{76850F57-F462-4277-8358-5C1B59E11BD4}.Debug|Any CPU.ActiveCfg = Debug|Any CPU
		{76850F57-F462-4277-8358-5C1B59E11BD4}.Debug|Any CPU.Build.0 = Debug|Any CPU
		{76850F57-F462-4277-8358-5C1B59E11BD4}.Release|Any CPU.ActiveCfg = Release|Any CPU
		{76850F57-F462-4277-8358-5C1B59E11BD4}.Release|Any CPU.Build.0 = Release|Any CPU
		{7F85C20D-4F2B-4038-9696-52B1E89BD461}.Debug|Any CPU.ActiveCfg = Debug|Any CPU
		{7F85C20D-4F2B-4038-9696-52B1E89BD461}.Debug|Any CPU.Build.0 = Debug|Any CPU
		{7F85C20D-4F2B-4038-9696-52B1E89BD461}.Release|Any CPU.ActiveCfg = Release|Any CPU
		{7F85C20D-4F2B-4038-9696-52B1E89BD461}.Release|Any CPU.Build.0 = Release|Any CPU
		{563F8623-42FC-41C4-ACD2-4E9400F8B660}.Debug|Any CPU.ActiveCfg = Debug|Any CPU
		{563F8623-42FC-41C4-ACD2-4E9400F8B660}.Debug|Any CPU.Build.0 = Debug|Any CPU
		{563F8623-42FC-41C4-ACD2-4E9400F8B660}.Release|Any CPU.ActiveCfg = Release|Any CPU
		{563F8623-42FC-41C4-ACD2-4E9400F8B660}.Release|Any CPU.Build.0 = Release|Any CPU
		{B9F0F929-F539-494C-BB1F-4145EC785F0A}.Debug|Any CPU.ActiveCfg = Debug|Any CPU
		{B9F0F929-F539-494C-BB1F-4145EC785F0A}.Debug|Any CPU.Build.0 = Debug|Any CPU
		{B9F0F929-F539-494C-BB1F-4145EC785F0A}.Release|Any CPU.ActiveCfg = Release|Any CPU
		{B9F0F929-F539-494C-BB1F-4145EC785F0A}.Release|Any CPU.Build.0 = Release|Any CPU
	EndGlobalSection
	GlobalSection(SolutionProperties) = preSolution
		HideSolutionNode = FALSE
	EndGlobalSection
	GlobalSection(ExtensibilityGlobals) = postSolution
		SolutionGuid = {82F9C9E1-49A2-40E2-B2B9-37E444910FA3}
	EndGlobalSection
EndGlobal
